{
  "nodes": {
    "bass": {
      "flake": false,
      "locked": {
        "lastModified": 1702770652,
        "narHash": "sha256-3d/qL+hovNA4VMWZ0n1L+dSM1lcz7P5CQJyy+/8exTc=",
        "owner": "edc",
        "repo": "bass",
        "rev": "79b62958ecf4e87334f24d6743e5766475bcf4d0",
        "type": "github"
      },
      "original": {
        "owner": "edc",
        "ref": "master",
        "repo": "bass",
        "type": "github"
      }
    },
    "disko": {
      "inputs": {
        "nixpkgs": [
          "nixpkgs"
        ]
      },
      "locked": {
        "lastModified": 1762276996,
        "narHash": "sha256-TtcPgPmp2f0FAnc+DMEw4ardEgv1SGNR3/WFGH0N19M=",
        "owner": "nix-community",
        "repo": "disko",
        "rev": "af087d076d3860760b3323f6b583f4d828c1ac17",
        "type": "github"
      },
      "original": {
        "owner": "nix-community",
        "repo": "disko",
        "type": "github"
      }
    },
    "home-manager": {
      "inputs": {
        "nixpkgs": [
          "nixpkgs"
        ]
      },
      "locked": {
        "lastModified": 1762183399,
        "narHash": "sha256-vr2aL1QLfERYTfYBgK8cW3T9eSdSEThH462wKaGlmEU=",
        "owner": "nix-community",
        "repo": "home-manager",
        "rev": "a5fee077929ae2f2800c3087dce5e1abb4edfbc6",
        "type": "github"
      },
      "original": {
        "owner": "nix-community",
        "repo": "home-manager",
        "type": "github"
      }
    },
    "nixpkgs": {
      "locked": {
        "lastModified": 1762111121,
        "narHash": "sha256-4vhDuZ7OZaZmKKrnDpxLZZpGIJvAeMtK6FKLJYUtAdw=",
        "owner": "NixOS",
        "repo": "nixpkgs",
        "rev": "b3d51a0365f6695e7dd5cdf3e180604530ed33b4",
        "type": "github"
      },
      "original": {
        "owner": "NixOS",
        "ref": "nixos-unstable",
        "repo": "nixpkgs",
        "type": "github"
      }
    },
    "root": {
      "inputs": {
        "bass": "bass",
        "disko": "disko",
        "home-manager": "home-manager",
        "nixpkgs": "nixpkgs",
        "z": "z"
      }
    },
    "z": {
      "flake": false,
      "locked": {
        "lastModified": 1739459792,
        "narHash": "sha256-emmjTsqt8bdI5qpx1bAzhVACkg0MNB/uffaRjjeuFxU=",
        "owner": "jethrokuan",
        "repo": "z",
        "rev": "067e867debee59aee231e789fc4631f80fa5788e",
        "type": "github"
      },
      "original": {
        "owner": "jethrokuan",
        "ref": "master",
        "repo": "z",
        "type": "github"
      }
    }
  },
  "root": "root",
  "version": 7
}
